PODS:
  - connectivity (0.0.1):
    - Flutter
    - Reachability
  - device_info (0.0.1):
    - Flutter
  - Flutter (1.0.0)
  - Reachability (3.2)
  - url_launcher (0.0.1):
    - Flutter
  - video_player (0.0.1):
    - Flutter

DEPENDENCIES:
  - connectivity (from `Pods/.symlinks/plugins/connectivity-0.2.1/ios`)
  - device_info (from `Pods/.symlinks/plugins/device_info-0.1.1/ios`)
  - Flutter (from `Pods/.symlinks/flutter/ios`)
  - url_launcher (from `Pods/.symlinks/plugins/url_launcher-2.0.1/ios`)
  - video_player (from `Pods/.symlinks/plugins/video_player-0.2.1/ios`)

EXTERNAL SOURCES:
  connectivity:
    :path: Pods/.symlinks/plugins/connectivity-0.2.1/ios
  device_info:
    :path: Pods/.symlinks/plugins/device_info-0.1.1/ios
  Flutter:
    :path: Pods/.symlinks/flutter/ios
  url_launcher:
    :path: Pods/.symlinks/plugins/url_launcher-2.0.1/ios
  video_player:
    :path: Pods/.symlinks/plugins/video_player-0.2.1/ios

SPEC CHECKSUMS:
  connectivity: d5992e3758d68b1c4b12d6e012fe0813f1aa1645
  device_info: 76ce0b32e13034d1883be4a382433648f9dcee63
  Flutter: 9d0fac939486c9aba2809b7982dfdbb47a7b0296
  Reachability: 33e18b67625424e47b6cde6d202dce689ad7af96
  url_launcher: 92b89c1029a0373879933c21642958c874539095
  video_player: 906796a841943c8d370ac7c13b18039aa9b56498

PODFILE CHECKSUM: 0420ab312a523ae0eecfb1fc19ea51dd82cc17c7

COCOAPODS: 1.4.0
